Microsoft Visual Studio Solution File, Format Version 11.00
# Visual Studio 2008

Project("{89E3EB66-497B-398D-7D22-50F0093903C6}") = "zed", "Assembly-UnityScript.unityproj", "{0B27BE7F-0486-4256-4321-B5FA6447E8D8}"
EndProject
Global
	GlobalSection(SolutionConfigurationPlatforms) = preSolution
		Debug|Any CPU = Debug|Any CPU
		Release|Any CPU = Release|Any CPU
	EndGlobalSection
	GlobalSection(ProjectConfigurationPlatforms) = postSolution
		{0B27BE7F-0486-4256-4321-B5FA6447E8D8}.Debug|Any CPU.ActiveCfg = Debug|Any CPU
		{0B27BE7F-0486-4256-4321-B5FA6447E8D8}.Debug|Any CPU.Build.0 = Debug|Any CPU
		{0B27BE7F-0486-4256-4321-B5FA6447E8D8}.Release|Any CPU.ActiveCfg = Release|Any CPU
		{0B27BE7F-0486-4256-4321-B5FA6447E8D8}.Release|Any CPU.Build.0 = Release|Any CPU
	EndGlobalSection
	GlobalSection(SolutionProperties) = preSolution
		HideSolutionNode = FALSE
	EndGlobalSection
																																																																																																												GlobalSection(MonoDevelopProperties) = preSolution
=======
																																																																																																														GlobalSection(MonoDevelopProperties) = preSolution
>>>>>>> 2e4f7515d1fdb1f6866036f6ba062a61babb9336
		StartupItem = Assembly-CSharp.csproj
		Policies = $0
		$0.TextStylePolicy = $1
		$1.inheritsSet = null
		$1.scope = text/x-csharp
		$0.CSharpFormattingPolicy = $2
		$2.inheritsSet = Mono
		$2.inheritsScope = text/x-csharp
		$2.scope = text/x-csharp
		$0.TextStylePolicy = $3
		$3.FileWidth = 120
		$3.TabWidth = 4
		$3.EolMarker = Unix
		$3.inheritsSet = Mono
		$3.inheritsScope = text/plain
		$3.scope = text/plain
	EndGlobalSection

EndGlobal
